
Microsoft Visual Studio Solution File, Format Version 12.00
# Visual Studio Version 16
VisualStudioVersion = 16.0.31424.327
MinimumVisualStudioVersion = 10.0.40219.1
Project("{9A19103F-16F7-4668-BE54-9A1E7A4F7556}") = "DB to Class", "DB_to_Class\DB to Class.csproj", "{20E917FB-4AB2-4EDB-A79E-CA28806FAF82}"
EndProject
Project("{FAE04EC0-301F-11D3-BF4B-00C04F79EFBC}") = "PocoClassGenerator", "PocoClassGenerator\PocoClassGenerator.csproj", "{61DB58C5-F150-4EA7-9C11-C21CCDC410CA}"
EndProject
Global
	GlobalSection(SolutionConfigurationPlatforms) = preSolution
		Debug|Any CPU = Debug|Any CPU
		Release|Any CPU = Release|Any CPU
	EndGlobalSection
	GlobalSection(ProjectConfigurationPlatforms) = postSolution
		{20E917FB-4AB2-4EDB-A79E-CA28806FAF82}.Debug|Any CPU.ActiveCfg = Debug|Any CPU
		{20E917FB-4AB2-4EDB-A79E-CA28806FAF82}.Debug|Any CPU.Build.0 = Debug|Any CPU
		{20E917FB-4AB2-4EDB-A79E-CA28806FAF82}.Release|Any CPU.ActiveCfg = Release|Any CPU
		{20E917FB-4AB2-4EDB-A79E-CA28806FAF82}.Release|Any CPU.Build.0 = Release|Any CPU
		{61DB58C5-F150-4EA7-9C11-C21CCDC410CA}.Debug|Any CPU.ActiveCfg = Debug|Any CPU
		{61DB58C5-F150-4EA7-9C11-C21CCDC410CA}.Debug|Any CPU.Build.0 = Debug|Any CPU
		{61DB58C5-F150-4EA7-9C11-C21CCDC410CA}.Release|Any CPU.ActiveCfg = Release|Any CPU
		{61DB58C5-F150-4EA7-9C11-C21CCDC410CA}.Release|Any CPU.Build.0 = Release|Any CPU
	EndGlobalSection
	GlobalSection(SolutionProperties) = preSolution
		HideSolutionNode = FALSE
	EndGlobalSection
	GlobalSection(ExtensibilityGlobals) = postSolution
		SolutionGuid = {C24D4245-0CBE-4460-8916-6B0AB07F8E7C}
	EndGlobalSection
EndGlobal
